// !$*UTF8*$!
{
	archiveVersion = 1;
	classes = {
	};
	objectVersion = 56;
	objects = {

/* Begin PBXBuildFile section */
		F4A780C92C05E887005ACADF /* AppDelegate.swift in Sources */ = {isa = PBXBuildFile; fileRef = F4A780C82C05E887005ACADF /* AppDelegate.swift */; };
		F4A780CB2C05E887005ACADF /* SceneDelegate.swift in Sources */ = {isa = PBXBuildFile; fileRef = F4A780CA2C05E887005ACADF /* SceneDelegate.swift */; };
		F4A780CD2C05E887005ACADF /* ViewController.swift in Sources */ = {isa = PBXBuildFile; fileRef = F4A780CC2C05E887005ACADF /* ViewController.swift */; };
		F4A780D02C05E887005ACADF /* Main.storyboard in Resources */ = {isa = PBXBuildFile; fileRef = F4A780CE2C05E887005ACADF /* Main.storyboard */; };
		F4A780D22C05E889005ACADF /* Assets.xcassets in Resources */ = {isa = PBXBuildFile; fileRef = F4A780D12C05E889005ACADF /* Assets.xcassets */; };
		F4A780D52C05E889005ACADF /* LaunchScreen.storyboard in Resources */ = {isa = PBXBuildFile; fileRef = F4A780D32C05E889005ACADF /* LaunchScreen.storyboard */; };
		F4A780E02C05E889005ACADF /* PaginationDemoTests.swift in Sources */ = {isa = PBXBuildFile; fileRef = F4A780DF2C05E889005ACADF /* PaginationDemoTests.swift */; };
		F4A780EA2C05E889005ACADF /* PaginationDemoUITests.swift in Sources */ = {isa = PBXBuildFile; fileRef = F4A780E92C05E889005ACADF /* PaginationDemoUITests.swift */; };
		F4A780EC2C05E889005ACADF /* PaginationDemoUITestsLaunchTests.swift in Sources */ = {isa = PBXBuildFile; fileRef = F4A780EB2C05E889005ACADF /* PaginationDemoUITestsLaunchTests.swift */; };
		F4A781002C05F338005ACADF /* Constant.swift in Sources */ = {isa = PBXBuildFile; fileRef = F4A780FF2C05F338005ACADF /* Constant.swift */; };
		F4A781022C05F360005ACADF /* ApiHandler.swift in Sources */ = {isa = PBXBuildFile; fileRef = F4A781012C05F360005ACADF /* ApiHandler.swift */; };
		F4A781042C05F417005ACADF /* WelcomeElement.swift in Sources */ = {isa = PBXBuildFile; fileRef = F4A781032C05F417005ACADF /* WelcomeElement.swift */; };
		F4A781062C05F461005ACADF /* WelcomeViewModal.swift in Sources */ = {isa = PBXBuildFile; fileRef = F4A781052C05F461005ACADF /* WelcomeViewModal.swift */; };
		F4A781092C05FAFF005ACADF /* Global.swift in Sources */ = {isa = PBXBuildFile; fileRef = F4A781082C05FAFF005ACADF /* Global.swift */; };
		F4A7810D2C060CD5005ACADF /* HomeCell.swift in Sources */ = {isa = PBXBuildFile; fileRef = F4A7810B2C060CD5005ACADF /* HomeCell.swift */; };
		F4A7810E2C060CD5005ACADF /* HomeCell.xib in Resources */ = {isa = PBXBuildFile; fileRef = F4A7810C2C060CD5005ACADF /* HomeCell.xib */; };
		F4A781112C062766005ACADF /* CustomActivityIndicatorView.swift in Sources */ = {isa = PBXBuildFile; fileRef = F4A781102C062766005ACADF /* CustomActivityIndicatorView.swift */; };
/* End PBXBuildFile section */

/* Begin PBXContainerItemProxy section */
		F4A780DC2C05E889005ACADF /* PBXContainerItemProxy */ = {
			isa = PBXContainerItemProxy;
			containerPortal = F4A780BD2C05E887005ACADF /* Project object */;
			proxyType = 1;
			remoteGlobalIDString = F4A780C42C05E887005ACADF;
			remoteInfo = PaginationDemo;
		};
		F4A780E62C05E889005ACADF /* PBXContainerItemProxy */ = {
			isa = PBXContainerItemProxy;
			containerPortal = F4A780BD2C05E887005ACADF /* Project object */;
			proxyType = 1;
			remoteGlobalIDString = F4A780C42C05E887005ACADF;
			remoteInfo = PaginationDemo;
		};
/* End PBXContainerItemProxy section */

/* Begin PBXFileReference section */
		F4A780C52C05E887005ACADF /* PaginationDemo.app */ = {isa = PBXFileReference; explicitFileType = wrapper.application; includeInIndex = 0; path = PaginationDemo.app; sourceTree = BUILT_PRODUCTS_DIR; };
		F4A780C82C05E887005ACADF /* AppDelegate.swift */ = {isa = PBXFileReference; lastKnownFileType = sourcecode.swift; path = AppDelegate.swift; sourceTree = "<group>"; };
		F4A780CA2C05E887005ACADF /* SceneDelegate.swift */ = {isa = PBXFileReference; lastKnownFileType = sourcecode.swift; path = SceneDelegate.swift; sourceTree = "<group>"; };
		F4A780CC2C05E887005ACADF /* ViewController.swift */ = {isa = PBXFileReference; lastKnownFileType = sourcecode.swift; path = ViewController.swift; sourceTree = "<group>"; };
		F4A780CF2C05E887005ACADF /* Base */ = {isa = PBXFileReference; lastKnownFileType = file.storyboard; name = Base; path = Base.lproj/Main.storyboard; sourceTree = "<group>"; };
		F4A780D12C05E889005ACADF /* Assets.xcassets */ = {isa = PBXFileReference; lastKnownFileType = folder.assetcatalog; path = Assets.xcassets; sourceTree = "<group>"; };
		F4A780D42C05E889005ACADF /* Base */ = {isa = PBXFileReference; lastKnownFileType = file.storyboard; name = Base; path = Base.lproj/LaunchScreen.storyboard; sourceTree = "<group>"; };
		F4A780D62C05E889005ACADF /* Info.plist */ = {isa = PBXFileReference; lastKnownFileType = text.plist.xml; path = Info.plist; sourceTree = "<group>"; };
		F4A780DB2C05E889005ACADF /* PaginationDemoTests.xctest */ = {isa = PBXFileReference; explicitFileType = wrapper.cfbundle; includeInIndex = 0; path = PaginationDemoTests.xctest; sourceTree = BUILT_PRODUCTS_DIR; };
		F4A780DF2C05E889005ACADF /* PaginationDemoTests.swift */ = {isa = PBXFileReference; lastKnownFileType = sourcecode.swift; path = PaginationDemoTests.swift; sourceTree = "<group>"; };
		F4A780E52C05E889005ACADF /* PaginationDemoUITests.xctest */ = {isa = PBXFileReference; explicitFileType = wrapper.cfbundle; includeInIndex = 0; path = PaginationDemoUITests.xctest; sourceTree = BUILT_PRODUCTS_DIR; };
		F4A780E92C05E889005ACADF /* PaginationDemoUITests.swift */ = {isa = PBXFileReference; lastKnownFileType = sourcecode.swift; path = PaginationDemoUITests.swift; sourceTree = "<group>"; };
		F4A780EB2C05E889005ACADF /* PaginationDemoUITestsLaunchTests.swift */ = {isa = PBXFileReference; lastKnownFileType = sourcecode.swift; path = PaginationDemoUITestsLaunchTests.swift; sourceTree = "<group>"; };
		F4A780FF2C05F338005ACADF /* Constant.swift */ = {isa = PBXFileReference; lastKnownFileType = sourcecode.swift; path = Constant.swift; sourceTree = "<group>"; };
		F4A781012C05F360005ACADF /* ApiHandler.swift */ = {isa = PBXFileReference; lastKnownFileType = sourcecode.swift; path = ApiHandler.swift; sourceTree = "<group>"; };
		F4A781032C05F417005ACADF /* WelcomeElement.swift */ = {isa = PBXFileReference; lastKnownFileType = sourcecode.swift; path = WelcomeElement.swift; sourceTree = "<group>"; };
		F4A781052C05F461005ACADF /* WelcomeViewModal.swift */ = {isa = PBXFileReference; lastKnownFileType = sourcecode.swift; path = WelcomeViewModal.swift; sourceTree = "<group>"; };
		F4A781082C05FAFF005ACADF /* Global.swift */ = {isa = PBXFileReference; lastKnownFileType = sourcecode.swift; path = Global.swift; sourceTree = "<group>"; };
		F4A7810B2C060CD5005ACADF /* HomeCell.swift */ = {isa = PBXFileReference; lastKnownFileType = sourcecode.swift; path = HomeCell.swift; sourceTree = "<group>"; };
		F4A7810C2C060CD5005ACADF /* HomeCell.xib */ = {isa = PBXFileReference; lastKnownFileType = file.xib; path = HomeCell.xib; sourceTree = "<group>"; };
		F4A781102C062766005ACADF /* CustomActivityIndicatorView.swift */ = {isa = PBXFileReference; lastKnownFileType = sourcecode.swift; path = CustomActivityIndicatorView.swift; sourceTree = "<group>"; };
/* End PBXFileReference section */

/* Begin PBXFrameworksBuildPhase section */
		F4A780C22C05E887005ACADF /* Frameworks */ = {
			isa = PBXFrameworksBuildPhase;
			buildActionMask = 2147483647;
			files = (
			);
			runOnlyForDeploymentPostprocessing = 0;
		};
		F4A780D82C05E889005ACADF /* Frameworks */ = {
			isa = PBXFrameworksBuildPhase;
			buildActionMask = 2147483647;
			files = (
			);
			runOnlyForDeploymentPostprocessing = 0;
		};
		F4A780E22C05E889005ACADF /* Frameworks */ = {
			isa = PBXFrameworksBuildPhase;
			buildActionMask = 2147483647;
			files = (
			);
			runOnlyForDeploymentPostprocessing = 0;
		};
/* End PBXFrameworksBuildPhase section */

/* Begin PBXGroup section */
		F4A780BC2C05E887005ACADF = {
			isa = PBXGroup;
			children = (
				F4A780C72C05E887005ACADF /* PaginationDemo */,
				F4A780DE2C05E889005ACADF /* PaginationDemoTests */,
				F4A780E82C05E889005ACADF /* PaginationDemoUITests */,
				F4A780C62C05E887005ACADF /* Products */,
			);
			sourceTree = "<group>";
		};
		F4A780C62C05E887005ACADF /* Products */ = {
			isa = PBXGroup;
			children = (
				F4A780C52C05E887005ACADF /* PaginationDemo.app */,
				F4A780DB2C05E889005ACADF /* PaginationDemoTests.xctest */,
				F4A780E52C05E889005ACADF /* PaginationDemoUITests.xctest */,
			);
			name = Products;
			sourceTree = "<group>";
		};
		F4A780C72C05E887005ACADF /* PaginationDemo */ = {
			isa = PBXGroup;
			children = (
				F4A7810F2C062757005ACADF /* Indicator */,
				F4A7810A2C060CAB005ACADF /* Cell */,
				F4A781072C05FAEF005ACADF /* Global */,
				F4A780FE2C05E90E005ACADF /* ApiHandler */,
				F4A780FD2C05E8E6005ACADF /* Constant */,
				F4A780F82C05E8A2005ACADF /* MVVM */,
				F4A780C82C05E887005ACADF /* AppDelegate.swift */,
				F4A780CA2C05E887005ACADF /* SceneDelegate.swift */,
				F4A780CE2C05E887005ACADF /* Main.storyboard */,
				F4A780D12C05E889005ACADF /* Assets.xcassets */,
				F4A780D32C05E889005ACADF /* LaunchScreen.storyboard */,
				F4A780D62C05E889005ACADF /* Info.plist */,
			);
			path = PaginationDemo;
			sourceTree = "<group>";
		};
		F4A780DE2C05E889005ACADF /* PaginationDemoTests */ = {
			isa = PBXGroup;
			children = (
				F4A780DF2C05E889005ACADF /* PaginationDemoTests.swift */,
			);
			path = PaginationDemoTests;
			sourceTree = "<group>";
		};
		F4A780E82C05E889005ACADF /* PaginationDemoUITests */ = {
			isa = PBXGroup;
			children = (
				F4A780E92C05E889005ACADF /* PaginationDemoUITests.swift */,
				F4A780EB2C05E889005ACADF /* PaginationDemoUITestsLaunchTests.swift */,
			);
			path = PaginationDemoUITests;
			sourceTree = "<group>";
		};
		F4A780F82C05E8A2005ACADF /* MVVM */ = {
			isa = PBXGroup;
			children = (
				F4A780FC2C05E8CC005ACADF /* View */,
				F4A780FA2C05E8B2005ACADF /* ViewModal */,
				F4A780F92C05E8A8005ACADF /* Modal */,
			);
			path = MVVM;
			sourceTree = "<group>";
		};
		F4A780F92C05E8A8005ACADF /* Modal */ = {
			isa = PBXGroup;
			children = (
				F4A781032C05F417005ACADF /* WelcomeElement.swift */,
			);
			path = Modal;
			sourceTree = "<group>";
		};
		F4A780FA2C05E8B2005ACADF /* ViewModal */ = {
			isa = PBXGroup;
			children = (
				F4A781052C05F461005ACADF /* WelcomeViewModal.swift */,
			);
			path = ViewModal;
			sourceTree = "<group>";
		};
		F4A780FC2C05E8CC005ACADF /* View */ = {
			isa = PBXGroup;
			children = (
				F4A780CC2C05E887005ACADF /* ViewController.swift */,
			);
			path = View;
			sourceTree = "<group>";
		};
		F4A780FD2C05E8E6005ACADF /* Constant */ = {
			isa = PBXGroup;
			children = (
				F4A780FF2C05F338005ACADF /* Constant.swift */,
			);
			path = Constant;
			sourceTree = "<group>";
		};
		F4A780FE2C05E90E005ACADF /* ApiHandler */ = {
			isa = PBXGroup;
			children = (
				F4A781012C05F360005ACADF /* ApiHandler.swift */,
			);
			path = ApiHandler;
			sourceTree = "<group>";
		};
		F4A781072C05FAEF005ACADF /* Global */ = {
			isa = PBXGroup;
			children = (
				F4A781082C05FAFF005ACADF /* Global.swift */,
			);
			path = Global;
			sourceTree = "<group>";
		};
		F4A7810A2C060CAB005ACADF /* Cell */ = {
			isa = PBXGroup;
			children = (
				F4A7810B2C060CD5005ACADF /* HomeCell.swift */,
				F4A7810C2C060CD5005ACADF /* HomeCell.xib */,
			);
			path = Cell;
			sourceTree = "<group>";
		};
		F4A7810F2C062757005ACADF /* Indicator */ = {
			isa = PBXGroup;
			children = (
				F4A781102C062766005ACADF /* CustomActivityIndicatorView.swift */,
			);
			path = Indicator;
			sourceTree = "<group>";
		};
/* End PBXGroup section */

/* Begin PBXNativeTarget section */
		F4A780C42C05E887005ACADF /* PaginationDemo */ = {
			isa = PBXNativeTarget;
			buildConfigurationList = F4A780EF2C05E889005ACADF /* Build configuration list for PBXNativeTarget "PaginationDemo" */;
			buildPhases = (
				F4A780C12C05E887005ACADF /* Sources */,
				F4A780C22C05E887005ACADF /* Frameworks */,
				F4A780C32C05E887005ACADF /* Resources */,
			);
			buildRules = (
			);
			dependencies = (
			);
			name = PaginationDemo;
			productName = PaginationDemo;
			productReference = F4A780C52C05E887005ACADF /* PaginationDemo.app */;
			productType = "com.apple.product-type.application";
		};
		F4A780DA2C05E889005ACADF /* PaginationDemoTests */ = {
			isa = PBXNativeTarget;
			buildConfigurationList = F4A780F22C05E889005ACADF /* Build configuration list for PBXNativeTarget "PaginationDemoTests" */;
			buildPhases = (
				F4A780D72C05E889005ACADF /* Sources */,
				F4A780D82C05E889005ACADF /* Frameworks */,
				F4A780D92C05E889005ACADF /* Resources */,
			);
			buildRules = (
			);
			dependencies = (
				F4A780DD2C05E889005ACADF /* PBXTargetDependency */,
			);
			name = PaginationDemoTests;
			productName = PaginationDemoTests;
			productReference = F4A780DB2C05E889005ACADF /* PaginationDemoTests.xctest */;
			productType = "com.apple.product-type.bundle.unit-test";
		};
		F4A780E42C05E889005ACADF /* PaginationDemoUITests */ = {
			isa = PBXNativeTarget;
			buildConfigurationList = F4A780F52C05E889005ACADF /* Build configuration list for PBXNativeTarget "PaginationDemoUITests" */;
			buildPhases = (
				F4A780E12C05E889005ACADF /* Sources */,
				F4A780E22C05E889005ACADF /* Frameworks */,
				F4A780E32C05E889005ACADF /* Resources */,
			);
			buildRules = (
			);
			dependencies = (
				F4A780E72C05E889005ACADF /* PBXTargetDependency */,
			);
			name = PaginationDemoUITests;
			productName = PaginationDemoUITests;
			productReference = F4A780E52C05E889005ACADF /* PaginationDemoUITests.xctest */;
			productType = "com.apple.product-type.bundle.ui-testing";
		};
/* End PBXNativeTarget section */

/* Begin PBXProject section */
		F4A780BD2C05E887005ACADF /* Project object */ = {
			isa = PBXProject;
			attributes = {
				BuildIndependentTargetsInParallel = 1;
				LastSwiftUpdateCheck = 1500;
				LastUpgradeCheck = 1500;
				TargetAttributes = {
					F4A780C42C05E887005ACADF = {
						CreatedOnToolsVersion = 15.0;
					};
					F4A780DA2C05E889005ACADF = {
						CreatedOnToolsVersion = 15.0;
						TestTargetID = F4A780C42C05E887005ACADF;
					};
					F4A780E42C05E889005ACADF = {
						CreatedOnToolsVersion = 15.0;
						TestTargetID = F4A780C42C05E887005ACADF;
					};
				};
			};
			buildConfigurationList = F4A780C02C05E887005ACADF /* Build configuration list for PBXProject "PaginationDemo" */;
			compatibilityVersion = "Xcode 14.0";
			developmentRegion = en;
			hasScannedForEncodings = 0;
			knownRegions = (
				en,
				Base,
			);
			mainGroup = F4A780BC2C05E887005ACADF;
			productRefGroup = F4A780C62C05E887005ACADF /* Products */;
			projectDirPath = "";
			projectRoot = "";
			targets = (
				F4A780C42C05E887005ACADF /* PaginationDemo */,
				F4A780DA2C05E889005ACADF /* PaginationDemoTests */,
				F4A780E42C05E889005ACADF /* PaginationDemoUITests */,
			);
		};
/* End PBXProject section */

/* Begin PBXResourcesBuildPhase section */
		F4A780C32C05E887005ACADF /* Resources */ = {
			isa = PBXResourcesBuildPhase;
			buildActionMask = 2147483647;
			files = (
				F4A780D52C05E889005ACADF /* LaunchScreen.storyboard in Resources */,
				F4A780D22C05E889005ACADF /* Assets.xcassets in Resources */,
				F4A7810E2C060CD5005ACADF /* HomeCell.xib in Resources */,
				F4A780D02C05E887005ACADF /* Main.storyboard in Resources */,
			);
			runOnlyForDeploymentPostprocessing = 0;
		};
		F4A780D92C05E889005ACADF /* Resources */ = {
			isa = PBXResourcesBuildPhase;
			buildActionMask = 2147483647;
			files = (
			);
			runOnlyForDeploymentPostprocessing = 0;
		};
		F4A780E32C05E889005ACADF /* Resources */ = {
			isa = PBXResourcesBuildPhase;
			buildActionMask = 2147483647;
			files = (
			);
			runOnlyForDeploymentPostprocessing = 0;
		};
/* End PBXResourcesBuildPhase section */

/* Begin PBXSourcesBuildPhase section */
		F4A780C12C05E887005ACADF /* Sources */ = {
			isa = PBXSourcesBuildPhase;
			buildActionMask = 2147483647;
			files = (
				F4A781092C05FAFF005ACADF /* Global.swift in Sources */,
				F4A780CD2C05E887005ACADF /* ViewController.swift in Sources */,
				F4A780C92C05E887005ACADF /* AppDelegate.swift in Sources */,
				F4A781022C05F360005ACADF /* ApiHandler.swift in Sources */,
				F4A780CB2C05E887005ACADF /* SceneDelegate.swift in Sources */,
				F4A781042C05F417005ACADF /* WelcomeElement.swift in Sources */,
				F4A781062C05F461005ACADF /* WelcomeViewModal.swift in Sources */,
				F4A7810D2C060CD5005ACADF /* HomeCell.swift in Sources */,
				F4A781112C062766005ACADF /* CustomActivityIndicatorView.swift in Sources */,
				F4A781002C05F338005ACADF /* Constant.swift in Sources */,
			);
			runOnlyForDeploymentPostprocessing = 0;
		};
		F4A780D72C05E889005ACADF /* Sources */ = {
			isa = PBXSourcesBuildPhase;
			buildActionMask = 2147483647;
			files = (
				F4A780E02C05E889005ACADF /* PaginationDemoTests.swift in Sources */,
			);
			runOnlyForDeploymentPostprocessing = 0;
		};
		F4A780E12C05E889005ACADF /* Sources */ = {
			isa = PBXSourcesBuildPhase;
			buildActionMask = 2147483647;
			files = (
				F4A780EA2C05E889005ACADF /* PaginationDemoUITests.swift in Sources */,
				F4A780EC2C05E889005ACADF /* PaginationDemoUITestsLaunchTests.swift in Sources */,
			);
			runOnlyForDeploymentPostprocessing = 0;
		};
/* End PBXSourcesBuildPhase section */

/* Begin PBXTargetDependency section */
		F4A780DD2C05E889005ACADF /* PBXTargetDependency */ = {
			isa = PBXTargetDependency;
			target = F4A780C42C05E887005ACADF /* PaginationDemo */;
			targetProxy = F4A780DC2C05E889005ACADF /* PBXContainerItemProxy */;
		};
		F4A780E72C05E889005ACADF /* PBXTargetDependency */ = {
			isa = PBXTargetDependency;
			target = F4A780C42C05E887005ACADF /* PaginationDemo */;
			targetProxy = F4A780E62C05E889005ACADF /* PBXContainerItemProxy */;
		};
/* End PBXTargetDependency section */

/* Begin PBXVariantGroup section */
		F4A780CE2C05E887005ACADF /* Main.storyboard */ = {
			isa = PBXVariantGroup;
			children = (
				F4A780CF2C05E887005ACADF /* Base */,
			);
			name = Main.storyboard;
			sourceTree = "<group>";
		};
		F4A780D32C05E889005ACADF /* LaunchScreen.storyboard */ = {
			isa = PBXVariantGroup;
			children = (
				F4A780D42C05E889005ACADF /* Base */,
			);
			name = LaunchScreen.storyboard;
			sourceTree = "<group>";
		};
/* End PBXVariantGroup section */

/* Begin XCBuildConfiguration section */
		F4A780ED2C05E889005ACADF /* Debug */ = {
			isa = XCBuildConfiguration;
			buildSettings = {
				ALWAYS_SEARCH_USER_PATHS = NO;
				ASSETCATALOG_COMPILER_GENERATE_SWIFT_ASSET_SYMBOL_EXTENSIONS = YES;
				CLANG_ANALYZER_NONNULL = YES;
				CLANG_ANALYZER_NUMBER_OBJECT_CONVERSION = YES_AGGRESSIVE;
				CLANG_CXX_LANGUAGE_STANDARD = "gnu++20";
				CLANG_ENABLE_MODULES = YES;
				CLANG_ENABLE_OBJC_ARC = YES;
				CLANG_ENABLE_OBJC_WEAK = YES;
				CLANG_WARN_BLOCK_CAPTURE_AUTORELEASING = YES;
				CLANG_WARN_BOOL_CONVERSION = YES;
				CLANG_WARN_COMMA = YES;
				CLANG_WARN_CONSTANT_CONVERSION = YES;
				CLANG_WARN_DEPRECATED_OBJC_IMPLEMENTATIONS = YES;
				CLANG_WARN_DIRECT_OBJC_ISA_USAGE = YES_ERROR;
				CLANG_WARN_DOCUMENTATION_COMMENTS = YES;
				CLANG_WARN_EMPTY_BODY = YES;
				CLANG_WARN_ENUM_CONVERSION = YES;
				CLANG_WARN_INFINITE_RECURSION = YES;
				CLANG_WARN_INT_CONVERSION = YES;
				CLANG_WARN_NON_LITERAL_NULL_CONVERSION = YES;
				CLANG_WARN_OBJC_IMPLICIT_RETAIN_SELF = YES;
				CLANG_WARN_OBJC_LITERAL_CONVERSION = YES;
				CLANG_WARN_OBJC_ROOT_CLASS = YES_ERROR;
				CLANG_WARN_QUOTED_INCLUDE_IN_FRAMEWORK_HEADER = YES;
				CLANG_WARN_RANGE_LOOP_ANALYSIS = YES;
				CLANG_WARN_STRICT_PROTOTYPES = YES;
				CLANG_WARN_SUSPICIOUS_MOVE = YES;
				CLANG_WARN_UNGUARDED_AVAILABILITY = YES_AGGRESSIVE;
				CLANG_WARN_UNREACHABLE_CODE = YES;
				CLANG_WARN__DUPLICATE_METHOD_MATCH = YES;
				COPY_PHASE_STRIP = NO;
				DEBUG_INFORMATION_FORMAT = dwarf;
				ENABLE_STRICT_OBJC_MSGSEND = YES;
				ENABLE_TESTABILITY = YES;
				ENABLE_USER_SCRIPT_SANDBOXING = YES;
				GCC_C_LANGUAGE_STANDARD = gnu17;
				GCC_DYNAMIC_NO_PIC = NO;
				GCC_NO_COMMON_BLOCKS = YES;
				GCC_OPTIMIZATION_LEVEL = 0;
				GCC_PREPROCESSOR_DEFINITIONS = (
					"DEBUG=1",
					"$(inherited)",
				);
				GCC_WARN_64_TO_32_BIT_CONVERSION = YES;
				GCC_WARN_ABOUT_RETURN_TYPE = YES_ERROR;
				GCC_WARN_UNDECLARED_SELECTOR = YES;
				GCC_WARN_UNINITIALIZED_AUTOS = YES_AGGRESSIVE;
				GCC_WARN_UNUSED_FUNCTION = YES;
				GCC_WARN_UNUSED_VARIABLE = YES;
				IPHONEOS_DEPLOYMENT_TARGET = 17.0;
				LOCALIZATION_PREFERS_STRING_CATALOGS = YES;
				MTL_ENABLE_DEBUG_INFO = INCLUDE_SOURCE;
				MTL_FAST_MATH = YES;
				ONLY_ACTIVE_ARCH = YES;
				SDKROOT = iphoneos;
				SWIFT_ACTIVE_COMPILATION_CONDITIONS = "DEBUG $(inherited)";
				SWIFT_OPTIMIZATION_LEVEL = "-Onone";
			};
			name = Debug;
		};
		F4A780EE2C05E889005ACADF /* Release */ = {
			isa = XCBuildConfiguration;
			buildSettings = {
				ALWAYS_SEARCH_USER_PATHS = NO;
				ASSETCATALOG_COMPILER_GENERATE_SWIFT_ASSET_SYMBOL_EXTENSIONS = YES;
				CLANG_ANALYZER_NONNULL = YES;
				CLANG_ANALYZER_NUMBER_OBJECT_CONVERSION = YES_AGGRESSIVE;
				CLANG_CXX_LANGUAGE_STANDARD = "gnu++20";
				CLANG_ENABLE_MODULES = YES;
				CLANG_ENABLE_OBJC_ARC = YES;
				CLANG_ENABLE_OBJC_WEAK = YES;
				CLANG_WARN_BLOCK_CAPTURE_AUTORELEASING = YES;
				CLANG_WARN_BOOL_CONVERSION = YES;
				CLANG_WARN_COMMA = YES;
				CLANG_WARN_CONSTANT_CONVERSION = YES;
				CLANG_WARN_DEPRECATED_OBJC_IMPLEMENTATIONS = YES;
				CLANG_WARN_DIRECT_OBJC_ISA_USAGE = YES_ERROR;
				CLANG_WARN_DOCUMENTATION_COMMENTS = YES;
				CLANG_WARN_EMPTY_BODY = YES;
				CLANG_WARN_ENUM_CONVERSION = YES;
				CLANG_WARN_INFINITE_RECURSION = YES;
				CLANG_WARN_INT_CONVERSION = YES;
				CLANG_WARN_NON_LITERAL_NULL_CONVERSION = YES;
				CLANG_WARN_OBJC_IMPLICIT_RETAIN_SELF = YES;
				CLANG_WARN_OBJC_LITERAL_CONVERSION = YES;
				CLANG_WARN_OBJC_ROOT_CLASS = YES_ERROR;
				CLANG_WARN_QUOTED_INCLUDE_IN_FRAMEWORK_HEADER = YES;
				CLANG_WARN_RANGE_LOOP_ANALYSIS = YES;
				CLANG_WARN_STRICT_PROTOTYPES = YES;
				CLANG_WARN_SUSPICIOUS_MOVE = YES;
				CLANG_WARN_UNGUARDED_AVAILABILITY = YES_AGGRESSIVE;
				CLANG_WARN_UNREACHABLE_CODE = YES;
				CLANG_WARN__DUPLICATE_METHOD_MATCH = YES;
				COPY_PHASE_STRIP = NO;
				DEBUG_INFORMATION_FORMAT = "dwarf-with-dsym";
				ENABLE_NS_ASSERTIONS = NO;
				ENABLE_STRICT_OBJC_MSGSEND = YES;
				ENABLE_USER_SCRIPT_SANDBOXING = YES;
				GCC_C_LANGUAGE_STANDARD = gnu17;
				GCC_NO_COMMON_BLOCKS = YES;
				GCC_WARN_64_TO_32_BIT_CONVERSION = YES;
				GCC_WARN_ABOUT_RETURN_TYPE = YES_ERROR;
				GCC_WARN_UNDECLARED_SELECTOR = YES;
				GCC_WARN_UNINITIALIZED_AUTOS = YES_AGGRESSIVE;
				GCC_WARN_UNUSED_FUNCTION = YES;
				GCC_WARN_UNUSED_VARIABLE = YES;
				IPHONEOS_DEPLOYMENT_TARGET = 17.0;
				LOCALIZATION_PREFERS_STRING_CATALOGS = YES;
				MTL_ENABLE_DEBUG_INFO = NO;
				MTL_FAST_MATH = YES;
				SDKROOT = iphoneos;
				SWIFT_COMPILATION_MODE = wholemodule;
				VALIDATE_PRODUCT = YES;
			};
			name = Release;
		};
		F4A780F02C05E889005ACADF /* Debug */ = {
			isa = XCBuildConfiguration;
			buildSettings = {
				ASSETCATALOG_COMPILER_APPICON_NAME = AppIcon;
				ASSETCATALOG_COMPILER_GLOBAL_ACCENT_COLOR_NAME = AccentColor;
				CODE_SIGN_STYLE = Automatic;
				CURRENT_PROJECT_VERSION = 1;
				GENERATE_INFOPLIST_FILE = YES;
				INFOPLIST_FILE = PaginationDemo/Info.plist;
				INFOPLIST_KEY_UIApplicationSupportsIndirectInputEvents = YES;
				INFOPLIST_KEY_UILaunchStoryboardName = LaunchScreen;
				INFOPLIST_KEY_UIMainStoryboardFile = Main;
				INFOPLIST_KEY_UISupportedInterfaceOrientations_iPad = "UIInterfaceOrientationPortrait UIInterfaceOrientationPortraitUpsideDown UIInterfaceOrientationLandscapeLeft UIInterfaceOrientationLandscapeRight";
				INFOPLIST_KEY_UISupportedInterfaceOrientations_iPhone = "UIInterfaceOrientationPortrait UIInterfaceOrientationLandscapeLeft UIInterfaceOrientationLandscapeRight";
				LD_RUNPATH_SEARCH_PATHS = (
					"$(inherited)",
					"@executable_path/Frameworks",
				);
				MARKETING_VERSION = 1.0;
				PRODUCT_BUNDLE_IDENTIFIER = snehil.PaginationDemo;
				PRODUCT_NAME = "$(TARGET_NAME)";
				SWIFT_EMIT_LOC_STRINGS = YES;
				SWIFT_VERSION = 5.0;
				TARGETED_DEVICE_FAMILY = "1,2";
			};
			name = Debug;
		};
		F4A780F12C05E889005ACADF /* Release */ = {
			isa = XCBuildConfiguration;
			buildSettings = {
				ASSETCATALOG_COMPILER_APPICON_NAME = AppIcon;
				ASSETCATALOG_COMPILER_GLOBAL_ACCENT_COLOR_NAME = AccentColor;
				CODE_SIGN_STYLE = Automatic;
				CURRENT_PROJECT_VERSION = 1;
				GENERATE_INFOPLIST_FILE = YES;
				INFOPLIST_FILE = PaginationDemo/Info.plist;
				INFOPLIST_KEY_UIApplicationSupportsIndirectInputEvents = YES;
				INFOPLIST_KEY_UILaunchStoryboardName = LaunchScreen;
				INFOPLIST_KEY_UIMainStoryboardFile = Main;
				INFOPLIST_KEY_UISupportedInterfaceOrientations_iPad = "UIInterfaceOrientationPortrait UIInterfaceOrientationPortraitUpsideDown UIInterfaceOrientationLandscapeLeft UIInterfaceOrientationLandscapeRight";
				INFOPLIST_KEY_UISupportedInterfaceOrientations_iPhone = "UIInterfaceOrientationPortrait UIInterfaceOrientationLandscapeLeft UIInterfaceOrientationLandscapeRight";
				LD_RUNPATH_SEARCH_PATHS = (
					"$(inherited)",
					"@executable_path/Frameworks",
				);
				MARKETING_VERSION = 1.0;
				PRODUCT_BUNDLE_IDENTIFIER = snehil.PaginationDemo;
				PRODUCT_NAME = "$(TARGET_NAME)";
				SWIFT_EMIT_LOC_STRINGS = YES;
				SWIFT_VERSION = 5.0;
				TARGETED_DEVICE_FAMILY = "1,2";
			};
			name = Release;
		};
		F4A780F32C05E889005ACADF /* Debug */ = {
			isa = XCBuildConfiguration;
			buildSettings = {
				ALWAYS_EMBED_SWIFT_STANDARD_LIBRARIES = YES;
				BUNDLE_LOADER = "$(TEST_HOST)";
				CODE_SIGN_STYLE = Automatic;
				CURRENT_PROJECT_VERSION = 1;
				GENERATE_INFOPLIST_FILE = YES;
				IPHONEOS_DEPLOYMENT_TARGET = 17.0;
				MARKETING_VERSION = 1.0;
				PRODUCT_BUNDLE_IDENTIFIER = snehil.PaginationDemoTests;
				PRODUCT_NAME = "$(TARGET_NAME)";
				SWIFT_EMIT_LOC_STRINGS = NO;
				SWIFT_VERSION = 5.0;
				TARGETED_DEVICE_FAMILY = "1,2";
				TEST_HOST = "$(BUILT_PRODUCTS_DIR)/PaginationDemo.app/$(BUNDLE_EXECUTABLE_FOLDER_PATH)/PaginationDemo";
			};
			name = Debug;
		};
		F4A780F42C05E889005ACADF /* Release */ = {
			isa = XCBuildConfiguration;
			buildSettings = {
				ALWAYS_EMBED_SWIFT_STANDARD_LIBRARIES = YES;
				BUNDLE_LOADER = "$(TEST_HOST)";
				CODE_SIGN_STYLE = Automatic;
				CURRENT_PROJECT_VERSION = 1;
				GENERATE_INFOPLIST_FILE = YES;
				IPHONEOS_DEPLOYMENT_TARGET = 17.0;
				MARKETING_VERSION = 1.0;
				PRODUCT_BUNDLE_IDENTIFIER = snehil.PaginationDemoTests;
				PRODUCT_NAME = "$(TARGET_NAME)";
				SWIFT_EMIT_LOC_STRINGS = NO;
				SWIFT_VERSION = 5.0;
				TARGETED_DEVICE_FAMILY = "1,2";
				TEST_HOST = "$(BUILT_PRODUCTS_DIR)/PaginationDemo.app/$(BUNDLE_EXECUTABLE_FOLDER_PATH)/PaginationDemo";
			};
			name = Release;
		};
		F4A780F62C05E889005ACADF /* Debug */ = {
			isa = XCBuildConfiguration;
			buildSettings = {
				ALWAYS_EMBED_SWIFT_STANDARD_LIBRARIES = YES;
				CODE_SIGN_STYLE = Automatic;
				CURRENT_PROJECT_VERSION = 1;
				GENERATE_INFOPLIST_FILE = YES;
				MARKETING_VERSION = 1.0;
				PRODUCT_BUNDLE_IDENTIFIER = snehil.PaginationDemoUITests;
				PRODUCT_NAME = "$(TARGET_NAME)";
				SWIFT_EMIT_LOC_STRINGS = NO;
				SWIFT_VERSION = 5.0;
				TARGETED_DEVICE_FAMILY = "1,2";
				TEST_TARGET_NAME = PaginationDemo;
			};
			name = Debug;
		};
		F4A780F72C05E889005ACADF /* Release */ = {
			isa = XCBuildConfiguration;
			buildSettings = {
				ALWAYS_EMBED_SWIFT_STANDARD_LIBRARIES = YES;
				CODE_SIGN_STYLE = Automatic;
				CURRENT_PROJECT_VERSION = 1;
				GENERATE_INFOPLIST_FILE = YES;
				MARKETING_VERSION = 1.0;
				PRODUCT_BUNDLE_IDENTIFIER = snehil.PaginationDemoUITests;
				PRODUCT_NAME = "$(TARGET_NAME)";
				SWIFT_EMIT_LOC_STRINGS = NO;
				SWIFT_VERSION = 5.0;
				TARGETED_DEVICE_FAMILY = "1,2";
				TEST_TARGET_NAME = PaginationDemo;
			};
			name = Release;
		};
/* End XCBuildConfiguration section */

/* Begin XCConfigurationList section */
		F4A780C02C05E887005ACADF /* Build configuration list for PBXProject "PaginationDemo" */ = {
			isa = XCConfigurationList;
			buildConfigurations = (
				F4A780ED2C05E889005ACADF /* Debug */,
				F4A780EE2C05E889005ACADF /* Release */,
			);
			defaultConfigurationIsVisible = 0;
			defaultConfigurationName = Release;
		};
		F4A780EF2C05E889005ACADF /* Build configuration list for PBXNativeTarget "PaginationDemo" */ = {
			isa = XCConfigurationList;
			buildConfigurations = (
				F4A780F02C05E889005ACADF /* Debug */,
				F4A780F12C05E889005ACADF /* Release */,
			);
			defaultConfigurationIsVisible = 0;
			defaultConfigurationName = Release;
		};
		F4A780F22C05E889005ACADF /* Build configuration list for PBXNativeTarget "PaginationDemoTests" */ = {
			isa = XCConfigurationList;
			buildConfigurations = (
				F4A780F32C05E889005ACADF /* Debug */,
				F4A780F42C05E889005ACADF /* Release */,
			);
			defaultConfigurationIsVisible = 0;
			defaultConfigurationName = Release;
		};
		F4A780F52C05E889005ACADF /* Build configuration list for PBXNativeTarget "PaginationDemoUITests" */ = {
			isa = XCConfigurationList;
			buildConfigurations = (
				F4A780F62C05E889005ACADF /* Debug */,
				F4A780F72C05E889005ACADF /* Release */,
			);
			defaultConfigurationIsVisible = 0;
			defaultConfigurationName = Release;
		};
/* End XCConfigurationList section */
	};
	rootObject = F4A780BD2C05E887005ACADF /* Project object */;
}
